
Microsoft Visual Studio Solution File, Format Version 12.00
# Visual Studio Version 17
VisualStudioVersion = 17.9.34728.123
MinimumVisualStudioVersion = 10.0.40219.1
Project("{9A19103F-16F7-4668-BE54-9A1E7A4F7556}") = "CFM_PAYMENTSWS", "CFM_PAYMENTSWS\CFM_PAYMENTSWS.csproj", "{B7610C26-50E0-437D-A1D0-8D06D2805899}"
EndProject
Global
	GlobalSection(SolutionConfigurationPlatforms) = preSolution
		Debug|Any CPU = Debug|Any CPU
		Release|Any CPU = Release|Any CPU
	EndGlobalSection
	GlobalSection(ProjectConfigurationPlatforms) = postSolution
		{B7610C26-50E0-437D-A1D0-8D06D2805899}.Debug|Any CPU.ActiveCfg = Debug|Any CPU
		{B7610C26-50E0-437D-A1D0-8D06D2805899}.Debug|Any CPU.Build.0 = Debug|Any CPU
		{B7610C26-50E0-437D-A1D0-8D06D2805899}.Release|Any CPU.ActiveCfg = Release|Any CPU
		{B7610C26-50E0-437D-A1D0-8D06D2805899}.Release|Any CPU.Build.0 = Release|Any CPU
	EndGlobalSection
	GlobalSection(SolutionProperties) = preSolution
		HideSolutionNode = FALSE
	EndGlobalSection
	GlobalSection(ExtensibilityGlobals) = postSolution
		SolutionGuid = {79ABD555-9B22-4CD3-85DC-5225ED6A35B2}
	EndGlobalSection
EndGlobal
